// !$*UTF8*$!
{
	archiveVersion = 1;
	classes = {
	};
	objectVersion = 46;
	objects = {

/* Begin PBXBuildFile section */
		BC5244C4D866EB6AE6FFD9C9 /* libPods-testgit.a in Frameworks */ = {isa = PBXBuildFile; fileRef = D67782F0D492A4B23F579D23 /* libPods-testgit.a */; };
		CE8F82441D746C3E00426BED /* main.m in Sources */ = {isa = PBXBuildFile; fileRef = CE8F82431D746C3E00426BED /* main.m */; };
		CE8F82471D746C3E00426BED /* AppDelegate.m in Sources */ = {isa = PBXBuildFile; fileRef = CE8F82461D746C3E00426BED /* AppDelegate.m */; };
		CE8F824A1D746C3E00426BED /* ViewController.m in Sources */ = {isa = PBXBuildFile; fileRef = CE8F82491D746C3E00426BED /* ViewController.m */; };
		CE8F824D1D746C3E00426BED /* Main.storyboard in Resources */ = {isa = PBXBuildFile; fileRef = CE8F824B1D746C3E00426BED /* Main.storyboard */; };
		CE8F824F1D746C3E00426BED /* Assets.xcassets in Resources */ = {isa = PBXBuildFile; fileRef = CE8F824E1D746C3E00426BED /* Assets.xcassets */; };
		CE8F82521D746C3E00426BED /* LaunchScreen.storyboard in Resources */ = {isa = PBXBuildFile; fileRef = CE8F82501D746C3E00426BED /* LaunchScreen.storyboard */; };
/* End PBXBuildFile section */

/* Begin PBXFileReference section */
		1A4B2EC3892554FBE09F310A /* Pods-testgit.release.xcconfig */ = {isa = PBXFileReference; includeInIndex = 1; lastKnownFileType = text.xcconfig; name = "Pods-testgit.release.xcconfig"; path = "Pods/Target Support Files/Pods-testgit/Pods-testgit.release.xcconfig"; sourceTree = "<group>"; };
		C1B5A1CBE08C026F36E84F8A /* Pods-testgit.debug.xcconfig */ = {isa = PBXFileReference; includeInIndex = 1; lastKnownFileType = text.xcconfig; name = "Pods-testgit.debug.xcconfig"; path = "Pods/Target Support Files/Pods-testgit/Pods-testgit.debug.xcconfig"; sourceTree = "<group>"; };
		CE8F823F1D746C3E00426BED /* testgit.app */ = {isa = PBXFileReference; explicitFileType = wrapper.application; includeInIndex = 0; path = testgit.app; sourceTree = BUILT_PRODUCTS_DIR; };
		CE8F82431D746C3E00426BED /* main.m */ = {isa = PBXFileReference; lastKnownFileType = sourcecode.c.objc; path = main.m; sourceTree = "<group>"; };
		CE8F82451D746C3E00426BED /* AppDelegate.h */ = {isa = PBXFileReference; lastKnownFileType = sourcecode.c.h; path = AppDelegate.h; sourceTree = "<group>"; };
		CE8F82461D746C3E00426BED /* AppDelegate.m */ = {isa = PBXFileReference; lastKnownFileType = sourcecode.c.objc; path = AppDelegate.m; sourceTree = "<group>"; };
		CE8F82481D746C3E00426BED /* ViewController.h */ = {isa = PBXFileReference; lastKnownFileType = sourcecode.c.h; path = ViewController.h; sourceTree = "<group>"; };
		CE8F82491D746C3E00426BED /* ViewController.m */ = {isa = PBXFileReference; lastKnownFileType = sourcecode.c.objc; path = ViewController.m; sourceTree = "<group>"; };
		CE8F824C1D746C3E00426BED /* Base */ = {isa = PBXFileReference; lastKnownFileType = file.storyboard; name = Base; path = Base.lproj/Main.storyboard; sourceTree = "<group>"; };
		CE8F824E1D746C3E00426BED /* Assets.xcassets */ = {isa = PBXFileReference; lastKnownFileType = folder.assetcatalog; path = Assets.xcassets; sourceTree = "<group>"; };
		CE8F82511D746C3E00426BED /* Base */ = {isa = PBXFileReference; lastKnownFileType = file.storyboard; name = Base; path = Base.lproj/LaunchScreen.storyboard; sourceTree = "<group>"; };
		CE8F82531D746C3E00426BED /* Info.plist */ = {isa = PBXFileReference; lastKnownFileType = text.plist.xml; path = Info.plist; sourceTree = "<group>"; };
		D67782F0D492A4B23F579D23 /* libPods-testgit.a */ = {isa = PBXFileReference; explicitFileType = archive.ar; includeInIndex = 0; path = "libPods-testgit.a"; sourceTree = BUILT_PRODUCTS_DIR; };
/* End PBXFileReference section */

/* Begin PBXFrameworksBuildPhase section */
		CE8F823C1D746C3E00426BED /* Frameworks */ = {
			isa = PBXFrameworksBuildPhase;
			buildActionMask = 2147483647;
			files = (
				BC5244C4D866EB6AE6FFD9C9 /* libPods-testgit.a in Frameworks */,
			);
			runOnlyForDeploymentPostprocessing = 0;
		};
/* End PBXFrameworksBuildPhase section */

/* Begin PBXGroup section */
		3C2F88C829276BA2D0D59EA6 /* Pods */ = {
			isa = PBXGroup;
			children = (
				C1B5A1CBE08C026F36E84F8A /* Pods-testgit.debug.xcconfig */,
				1A4B2EC3892554FBE09F310A /* Pods-testgit.release.xcconfig */,
			);
			name = Pods;
			sourceTree = "<group>";
		};
		CE8F82361D746C3E00426BED = {
			isa = PBXGroup;
			children = (
				CE8F82411D746C3E00426BED /* testgit */,
				CE8F82401D746C3E00426BED /* Products */,
				3C2F88C829276BA2D0D59EA6 /* Pods */,
				EEAC2AF53E232AA401CFCB36 /* Frameworks */,
			);
			sourceTree = "<group>";
		};
		CE8F82401D746C3E00426BED /* Products */ = {
			isa = PBXGroup;
			children = (
				CE8F823F1D746C3E00426BED /* testgit.app */,
			);
			name = Products;
			sourceTree = "<group>";
		};
		CE8F82411D746C3E00426BED /* testgit */ = {
			isa = PBXGroup;
			children = (
				CE8F82451D746C3E00426BED /* AppDelegate.h */,
				CE8F82461D746C3E00426BED /* AppDelegate.m */,
				CE8F82481D746C3E00426BED /* ViewController.h */,
				CE8F82491D746C3E00426BED /* ViewController.m */,
				CE8F824B1D746C3E00426BED /* Main.storyboard */,
				CE8F824E1D746C3E00426BED /* Assets.xcassets */,
				CE8F82501D746C3E00426BED /* LaunchScreen.storyboard */,
				CE8F82531D746C3E00426BED /* Info.plist */,
				CE8F82421D746C3E00426BED /* Supporting Files */,
			);
			path = testgit;
			sourceTree = "<group>";
		};
		CE8F82421D746C3E00426BED /* Supporting Files */ = {
			isa = PBXGroup;
			children = (
				CE8F82431D746C3E00426BED /* main.m */,
			);
			name = "Supporting Files";
			sourceTree = "<group>";
		};
		EEAC2AF53E232AA401CFCB36 /* Frameworks */ = {
			isa = PBXGroup;
			children = (
				D67782F0D492A4B23F579D23 /* libPods-testgit.a */,
			);
			name = Frameworks;
			sourceTree = "<group>";
		};
/* End PBXGroup section */

/* Begin PBXNativeTarget section */
		CE8F823E1D746C3E00426BED /* testgit */ = {
			isa = PBXNativeTarget;
			buildConfigurationList = CE8F82561D746C3E00426BED /* Build configuration list for PBXNativeTarget "testgit" */;
			buildPhases = (
				2F8293B403A2BB2F88980479 /* [CP] Check Pods Manifest.lock */,
				CE8F823B1D746C3E00426BED /* Sources */,
				CE8F823C1D746C3E00426BED /* Frameworks */,
				CE8F823D1D746C3E00426BED /* Resources */,
				210C8EC1C2C8543A9A8C8FF9 /* [CP] Embed Pods Frameworks */,
				952FF7FAA5E3888E18073842 /* [CP] Copy Pods Resources */,
			);
			buildRules = (
			);
			dependencies = (
			);
			name = testgit;
			productName = testgit;
			productReference = CE8F823F1D746C3E00426BED /* testgit.app */;
			productType = "com.apple.product-type.application";
		};
/* End PBXNativeTarget section */

/* Begin PBXProject section */
		CE8F82371D746C3E00426BED /* Project object */ = {
			isa = PBXProject;
			attributes = {
				LastUpgradeCheck = 0730;
				ORGANIZATIONNAME = user;
				TargetAttributes = {
					CE8F823E1D746C3E00426BED = {
						CreatedOnToolsVersion = 7.3.1;
					};
				};
			};
			buildConfigurationList = CE8F823A1D746C3E00426BED /* Build configuration list for PBXProject "testgit" */;
			compatibilityVersion = "Xcode 3.2";
			developmentRegion = English;
			hasScannedForEncodings = 0;
			knownRegions = (
				en,
				Base,
			);
			mainGroup = CE8F82361D746C3E00426BED;
			productRefGroup = CE8F82401D746C3E00426BED /* Products */;
			projectDirPath = "";
			projectRoot = "";
			targets = (
				CE8F823E1D746C3E00426BED /* testgit */,
			);
		};
/* End PBXProject section */

/* Begin PBXResourcesBuildPhase section */
		CE8F823D1D746C3E00426BED /* Resources */ = {
			isa = PBXResourcesBuildPhase;
			buildActionMask = 2147483647;
			files = (
				CE8F82521D746C3E00426BED /* LaunchScreen.storyboard in Resources */,
				CE8F824F1D746C3E00426BED /* Assets.xcassets in Resources */,
				CE8F824D1D746C3E00426BED /* Main.storyboard in Resources */,
			);
			runOnlyForDeploymentPostprocessing = 0;
		};
/* End PBXResourcesBuildPhase section */

/* Begin PBXShellScriptBuildPhase section */
		210C8EC1C2C8543A9A8C8FF9 /* [CP] Embed Pods Frameworks */ = {
			isa = PBXShellScriptBuildPhase;
			buildActionMask = 2147483647;
			files = (
			);
			inputPaths = (
			);
			name = "[CP] Embed Pods Frameworks";
			outputPaths = (
			);
			runOnlyForDeploymentPostprocessing = 0;
			shellPath = /bin/sh;
			shellScript = "\"${SRCROOT}/Pods/Target Support Files/Pods-testgit/Pods-testgit-frameworks.sh\"\n";
			showEnvVarsInLog = 0;
		};
		2F8293B403A2BB2F88980479 /* [CP] Check Pods Manifest.lock */ = {
			isa = PBXShellScriptBuildPhase;
			buildActionMask = 2147483647;
			files = (
			);
			inputPaths = (
			);
			name = "[CP] Check Pods Manifest.lock";
			outputPaths = (
			);
			runOnlyForDeploymentPostprocessing = 0;
			shellPath = /bin/sh;
			shellScript = "diff \"${PODS_ROOT}/../Podfile.lock\" \"${PODS_ROOT}/Manifest.lock\" > /dev/null\nif [[ $? != 0 ]] ; then\n    cat << EOM\nerror: The sandbox is not in sync with the Podfile.lock. Run 'pod install' or update your CocoaPods installation.\nEOM\n    exit 1\nfi\n";
			showEnvVarsInLog = 0;
		};
		952FF7FAA5E3888E18073842 /* [CP] Copy Pods Resources */ = {
			isa = PBXShellScriptBuildPhase;
			buildActionMask = 2147483647;
			files = (
			);
			inputPaths = (
			);
			name = "[CP] Copy Pods Resources";
			outputPaths = (
			);
			runOnlyForDeploymentPostprocessing = 0;
			shellPath = /bin/sh;
			shellScript = "\"${SRCROOT}/Pods/Target Support Files/Pods-testgit/Pods-testgit-resources.sh\"\n";
			showEnvVarsInLog = 0;
		};
/* End PBXShellScriptBuildPhase section */

/* Begin PBXSourcesBuildPhase section */
		CE8F823B1D746C3E00426BED /* Sources */ = {
			isa = PBXSourcesBuildPhase;
			buildActionMask = 2147483647;
			files = (
				CE8F824A1D746C3E00426BED /* ViewController.m in Sources */,
				CE8F82471D746C3E00426BED /* AppDelegate.m in Sources */,
				CE8F82441D746C3E00426BED /* main.m in Sources */,
			);
			runOnlyForDeploymentPostprocessing = 0;
		};
/* End PBXSourcesBuildPhase section */

/* Begin PBXVariantGroup section */
		CE8F824B1D746C3E00426BED /* Main.storyboard */ = {
			isa = PBXVariantGroup;
			children = (
				CE8F824C1D746C3E00426BED /* Base */,
			);
			name = Main.storyboard;
			sourceTree = "<group>";
		};
		CE8F82501D746C3E00426BED /* LaunchScreen.storyboard */ = {
			isa = PBXVariantGroup;
			children = (
				CE8F82511D746C3E00426BED /* Base */,
			);
			name = LaunchScreen.storyboard;
			sourceTree = "<group>";
		};
/* End PBXVariantGroup section */

/* Begin XCBuildConfiguration section */
		CE8F82541D746C3E00426BED /* Debug */ = {
			isa = XCBuildConfiguration;
			buildSettings = {
				ALWAYS_SEARCH_USER_PATHS = NO;
				CLANG_ANALYZER_NONNULL = YES;
				CLANG_CXX_LANGUAGE_STANDARD = "gnu++0x";
				CLANG_CXX_LIBRARY = "libc++";
				CLANG_ENABLE_MODULES = YES;
				CLANG_ENABLE_OBJC_ARC = YES;
				CLANG_WARN_BOOL_CONVERSION = YES;
				CLANG_WARN_CONSTANT_CONVERSION = YES;
				CLANG_WARN_DIRECT_OBJC_ISA_USAGE = YES_ERROR;
				CLANG_WARN_EMPTY_BODY = YES;
				CLANG_WARN_ENUM_CONVERSION = YES;
				CLANG_WARN_INT_CONVERSION = YES;
				CLANG_WARN_OBJC_ROOT_CLASS = YES_ERROR;
				CLANG_WARN_UNREACHABLE_CODE = YES;
				CLANG_WARN__DUPLICATE_METHOD_MATCH = YES;
				"CODE_SIGN_IDENTITY[sdk=iphoneos*]" = "iPhone Developer";
				COPY_PHASE_STRIP = NO;
				DEBUG_INFORMATION_FORMAT = dwarf;
				ENABLE_STRICT_OBJC_MSGSEND = YES;
				ENABLE_TESTABILITY = YES;
				GCC_C_LANGUAGE_STANDARD = gnu99;
				GCC_DYNAMIC_NO_PIC = NO;
				GCC_NO_COMMON_BLOCKS = YES;
				GCC_OPTIMIZATION_LEVEL = 0;
				GCC_PREPROCESSOR_DEFINITIONS = (
					"DEBUG=1",
					"$(inherited)",
				);
				GCC_WARN_64_TO_32_BIT_CONVERSION = YES;
				GCC_WARN_ABOUT_RETURN_TYPE = YES_ERROR;
				GCC_WARN_UNDECLARED_SELECTOR = YES;
				GCC_WARN_UNINITIALIZED_AUTOS = YES_AGGRESSIVE;
				GCC_WARN_UNUSED_FUNCTION = YES;
				GCC_WARN_UNUSED_VARIABLE = YES;
				IPHONEOS_DEPLOYMENT_TARGET = 9.3;
				MTL_ENABLE_DEBUG_INFO = YES;
				ONLY_ACTIVE_ARCH = YES;
				SDKROOT = iphoneos;
				TARGETED_DEVICE_FAMILY = "1,2";
			};
			name = Debug;
		};
		CE8F82551D746C3E00426BED /* Release */ = {
			isa = XCBuildConfiguration;
			buildSettings = {
				ALWAYS_SEARCH_USER_PATHS = NO;
				CLANG_ANALYZER_NONNULL = YES;
				CLANG_CXX_LANGUAGE_STANDARD = "gnu++0x";
				CLANG_CXX_LIBRARY = "libc++";
				CLANG_ENABLE_MODULES = YES;
				CLANG_ENABLE_OBJC_ARC = YES;
				CLANG_WARN_BOOL_CONVERSION = YES;
				CLANG_WARN_CONSTANT_CONVERSION = YES;
				CLANG_WARN_DIRECT_OBJC_ISA_USAGE = YES_ERROR;
				CLANG_WARN_EMPTY_BODY = YES;
				CLANG_WARN_ENUM_CONVERSION = YES;
				CLANG_WARN_INT_CONVERSION = YES;
				CLANG_WARN_OBJC_ROOT_CLASS = YES_ERROR;
				CLANG_WARN_UNREACHABLE_CODE = YES;
				CLANG_WARN__DUPLICATE_METHOD_MATCH = YES;
				"CODE_SIGN_IDENTITY[sdk=iphoneos*]" = "iPhone Developer";
				COPY_PHASE_STRIP = NO;
				DEBUG_INFORMATION_FORMAT = "dwarf-with-dsym";
				ENABLE_NS_ASSERTIONS = NO;
				ENABLE_STRICT_OBJC_MSGSEND = YES;
				GCC_C_LANGUAGE_STANDARD = gnu99;
				GCC_NO_COMMON_BLOCKS = YES;
				GCC_WARN_64_TO_32_BIT_CONVERSION = YES;
				GCC_WARN_ABOUT_RETURN_TYPE = YES_ERROR;
				GCC_WARN_UNDECLARED_SELECTOR = YES;
				GCC_WARN_UNINITIALIZED_AUTOS = YES_AGGRESSIVE;
				GCC_WARN_UNUSED_FUNCTION = YES;
				GCC_WARN_UNUSED_VARIABLE = YES;
				IPHONEOS_DEPLOYMENT_TARGET = 9.3;
				MTL_ENABLE_DEBUG_INFO = NO;
				SDKROOT = iphoneos;
				TARGETED_DEVICE_FAMILY = "1,2";
				VALIDATE_PRODUCT = YES;
			};
			name = Release;
		};
		CE8F82571D746C3E00426BED /* Debug */ = {
			isa = XCBuildConfiguration;
			baseConfigurationReference = C1B5A1CBE08C026F36E84F8A /* Pods-testgit.debug.xcconfig */;
			buildSettings = {
				ASSETCATALOG_COMPILER_APPICON_NAME = AppIcon;
				INFOPLIST_FILE = testgit/Info.plist;
				LD_RUNPATH_SEARCH_PATHS = "$(inherited) @executable_path/Frameworks";
				PRODUCT_BUNDLE_IDENTIFIER = nannan.testgit;
				PRODUCT_NAME = "$(TARGET_NAME)";
			};
			name = Debug;
		};
		CE8F82581D746C3E00426BED /* Release */ = {
			isa = XCBuildConfiguration;
			baseConfigurationReference = 1A4B2EC3892554FBE09F310A /* Pods-testgit.release.xcconfig */;
			buildSettings = {
				ASSETCATALOG_COMPILER_APPICON_NAME = AppIcon;
				INFOPLIST_FILE = testgit/Info.plist;
				LD_RUNPATH_SEARCH_PATHS = "$(inherited) @executable_path/Frameworks";
				PRODUCT_BUNDLE_IDENTIFIER = nannan.testgit;
				PRODUCT_NAME = "$(TARGET_NAME)";
			};
			name = Release;
		};
/* End XCBuildConfiguration section */

/* Begin XCConfigurationList section */
		CE8F823A1D746C3E00426BED /* Build configuration list for PBXProject "testgit" */ = {
			isa = XCConfigurationList;
			buildConfigurations = (
				CE8F82541D746C3E00426BED /* Debug */,
				CE8F82551D746C3E00426BED /* Release */,
			);
			defaultConfigurationIsVisible = 0;
			defaultConfigurationName = Release;
		};
		CE8F82561D746C3E00426BED /* Build configuration list for PBXNativeTarget "testgit" */ = {
			isa = XCConfigurationList;
			buildConfigurations = (
				CE8F82571D746C3E00426BED /* Debug */,
				CE8F82581D746C3E00426BED /* Release */,
			);
			defaultConfigurationIsVisible = 0;
			defaultConfigurationName = Release;
		};
/* End XCConfigurationList section */
	};
	rootObject = CE8F82371D746C3E00426BED /* Project object */;
}
